{
  "name": "myblog2.0-admin",
  "version": "0.0.0",
  "lockfileVersion": 1,
  "requires": true,
  "dependencies": {
    "@babel/helper-validator-identifier": {
      "version": "7.14.9",
      "resolved": "http://npm.xesv5.com/@babel%2fhelper-validator-identifier/-/helper-validator-identifier-7.14.9.tgz",
      "integrity": "sha1-ZlTRcbICT22O4VG/JQlpmRkTHUg="
    },
    "@babel/parser": {
      "version": "7.15.0",
      "resolved": "http://npm.xesv5.com/@babel%2fparser/-/parser-7.15.0.tgz",
      "integrity": "sha1-ttbikFjKNpEnsO7KKhxLV5Txtrk="
    },
    "@babel/types": {
      "version": "7.15.0",
      "resolved": "http://npm.xesv5.com/@babel%2ftypes/-/types-7.15.0.tgz",
      "integrity": "sha1-Ya8R8ihsTpxpyo3rX0N1pzxy3L0=",
      "requires": {
        "@babel/helper-validator-identifier": "^7.14.9",
        "to-fast-properties": "^2.0.0"
      }
    },
    "@element-plus/icons": {
      "version": "0.0.11",
      "resolved": "http://npm.xesv5.com/@element-plus%2ficons/-/icons-0.0.11.tgz",
      "integrity": "sha1-mxh8ACd0VIuRGFDRf6X8L5pRX1c="
    },
    "@popperjs/core": {
      "version": "2.9.3",
      "resolved": "http://npm.xesv5.com/@popperjs%2fcore/-/core-2.9.3.tgz",
      "integrity": "sha1-i2jaHr1/xgOZnPbr7jSkiZoUuI4="
    },
    "@types/estree": {
      "version": "0.0.48",
      "resolved": "http://npm.xesv5.com/@types%2festree/-/estree-0.0.48.tgz",
      "integrity": "sha1-GNyAkbKF35DbLyWqfZBs/DlLf3Q=",
      "dev": true
    },
    "@vitejs/plugin-vue": {
      "version": "1.4.0",
      "resolved": "http://npm.xesv5.com/@vitejs%2fplugin-vue/-/plugin-vue-1.4.0.tgz",
      "integrity": "sha1-lirgG3/RatQAeJjGTtY5E24SIVs=",
      "dev": true
    },
    "@vue/compiler-core": {
      "version": "3.1.5",
      "resolved": "http://npm.xesv5.com/@vue%2fcompiler-core/-/compiler-core-3.1.5.tgz",
      "integrity": "sha1-KY+QW2Bl1tgf9jdW+Yxgh2s5PIc=",
      "requires": {
        "@babel/parser": "^7.12.0",
        "@babel/types": "^7.12.0",
        "@vue/shared": "3.1.5",
        "estree-walker": "^2.0.1",
        "source-map": "^0.6.1"
      }
    },
    "@vue/compiler-dom": {
      "version": "3.1.5",
      "resolved": "http://npm.xesv5.com/@vue%2fcompiler-dom/-/compiler-dom-3.1.5.tgz",
      "integrity": "sha1-y7lwIMYqX6o/vCqXkWvZgEGsmFY=",
      "requires": {
        "@vue/compiler-core": "3.1.5",
        "@vue/shared": "3.1.5"
      }
    },
    "@vue/compiler-sfc": {
      "version": "3.1.5",
      "resolved": "http://npm.xesv5.com/@vue%2fcompiler-sfc/-/compiler-sfc-3.1.5.tgz",
      "integrity": "sha1-5h5U86ljsPSo5SP7uGMjkNxSsNY=",
      "dev": true,
      "requires": {
        "@babel/parser": "^7.13.9",
        "@babel/types": "^7.13.0",
        "@types/estree": "^0.0.48",
        "@vue/compiler-core": "3.1.5",
        "@vue/compiler-dom": "3.1.5",
        "@vue/compiler-ssr": "3.1.5",
        "@vue/shared": "3.1.5",
        "consolidate": "^0.16.0",
        "estree-walker": "^2.0.1",
        "hash-sum": "^2.0.0",
        "lru-cache": "^5.1.1",
        "magic-string": "^0.25.7",
        "merge-source-map": "^1.1.0",
        "postcss": "^8.1.10",
        "postcss-modules": "^4.0.0",
        "postcss-selector-parser": "^6.0.4",
        "source-map": "^0.6.1"
      }
    },
    "@vue/compiler-ssr": {
      "version": "3.1.5",
      "resolved": "http://npm.xesv5.com/@vue%2fcompiler-ssr/-/compiler-ssr-3.1.5.tgz",
      "integrity": "sha1-8GhlJ3QpMlah5TCEvtSKZ2gt+dI=",
      "dev": true,
      "requires": {
        "@vue/compiler-dom": "3.1.5",
        "@vue/shared": "3.1.5"
      }
    },
    "@vue/devtools-api": {
      "version": "6.0.0-beta.15",
      "resolved": "http://npm.xesv5.com/@vue%2fdevtools-api/-/devtools-api-6.0.0-beta.15.tgz",
      "integrity": "sha1-rXyzhOBi8WW8+cg3MhJb/7wq2D0="
    },
    "@vue/reactivity": {
      "version": "3.1.5",
      "resolved": "http://npm.xesv5.com/@vue%2freactivity/-/reactivity-3.1.5.tgz",
      "integrity": "sha1-2+xNlVf3yPJcJjXbHiOninKeuZE=",
      "requires": {
        "@vue/shared": "3.1.5"
      }
    },
    "@vue/runtime-core": {
      "version": "3.1.5",
      "resolved": "http://npm.xesv5.com/@vue%2fruntime-core/-/runtime-core-3.1.5.tgz",
      "integrity": "sha1-pUW38UYJKSnLXoM+hUORUPF6yHs=",
      "requires": {
        "@vue/reactivity": "3.1.5",
        "@vue/shared": "3.1.5"
      }
    },
    "@vue/runtime-dom": {
      "version": "3.1.5",
      "resolved": "http://npm.xesv5.com/@vue%2fruntime-dom/-/runtime-dom-3.1.5.tgz",
      "integrity": "sha1-T6KJR9QIqjaPoX6g7cG+ua8UcqE=",
      "requires": {
        "@vue/runtime-core": "3.1.5",
        "@vue/shared": "3.1.5",
        "csstype": "^2.6.8"
      }
    },
    "@vue/shared": {
      "version": "3.1.5",
      "resolved": "http://npm.xesv5.com/@vue%2fshared/-/shared-3.1.5.tgz",
      "integrity": "sha1-dO46rZldCjmWpruVM9TSgFFO3gM="
    },
    "anymatch": {
      "version": "3.1.2",
      "resolved": "https://registry.npm.taobao.org/anymatch/download/anymatch-3.1.2.tgz?cache=0&sync_timestamp=1617747502795&other_urls=https%3A%2F%2Fregistry.npm.taobao.org%2Fanymatch%2Fdownload%2Fanymatch-3.1.2.tgz",
      "integrity": "sha1-wFV8CWrzLxBhmPT04qODU343hxY=",
      "dev": true,
      "requires": {
        "normalize-path": "^3.0.0",
        "picomatch": "^2.0.4"
      }
    },
    "async-validator": {
      "version": "3.5.2",
      "resolved": "https://registry.nlark.com/async-validator/download/async-validator-3.5.2.tgz?cache=0&sync_timestamp=1619756044645&other_urls=https%3A%2F%2Fregistry.nlark.com%2Fasync-validator%2Fdownload%2Fasync-validator-3.5.2.tgz",
      "integrity": "sha1-aOhmqWgk6LJpT/eoMcGiXETV5QA="
    },
    "axios": {
      "version": "0.21.1",
      "resolved": "https://registry.npm.taobao.org/axios/download/axios-0.21.1.tgz",
      "integrity": "sha1-IlY0gZYvTWvemnbVFu8OXTwJsrg=",
      "requires": {
        "follow-redirects": "^1.10.0"
      }
    },
    "big.js": {
      "version": "5.2.2",
      "resolved": "https://registry.nlark.com/big.js/download/big.js-5.2.2.tgz",
      "integrity": "sha1-ZfCvOC9Xi83HQr2cKB6cstd2gyg=",
      "dev": true
    },
    "binary-extensions": {
      "version": "2.2.0",
      "resolved": "https://registry.npm.taobao.org/binary-extensions/download/binary-extensions-2.2.0.tgz?cache=0&sync_timestamp=1610299322955&other_urls=https%3A%2F%2Fregistry.npm.taobao.org%2Fbinary-extensions%2Fdownload%2Fbinary-extensions-2.2.0.tgz",
      "integrity": "sha1-dfUC7q+f/eQvyYgpZFvk6na9ni0=",
      "dev": true
    },
    "bluebird": {
      "version": "3.7.2",
      "resolved": "https://registry.npm.taobao.org/bluebird/download/bluebird-3.7.2.tgz?cache=0&sync_timestamp=1602657218976&other_urls=https%3A%2F%2Fregistry.npm.taobao.org%2Fbluebird%2Fdownload%2Fbluebird-3.7.2.tgz",
      "integrity": "sha1-nyKcFb4nJFT/qXOs4NvueaGww28=",
      "dev": true
    },
    "braces": {
      "version": "3.0.2",
      "resolved": "https://registry.npm.taobao.org/braces/download/braces-3.0.2.tgz",
      "integrity": "sha1-NFThpGLujVmeI23zNs2epPiv4Qc=",
      "dev": true,
      "requires": {
        "fill-range": "^7.0.1"
      }
    },
    "chokidar": {
      "version": "3.5.2",
      "resolved": "https://registry.nlark.com/chokidar/download/chokidar-3.5.2.tgz",
      "integrity": "sha1-26OXb8rbAW9m/TZQIdkWANAcHnU=",
      "dev": true,
      "requires": {
        "anymatch": "~3.1.2",
        "braces": "~3.0.2",
        "fsevents": "~2.3.2",
        "glob-parent": "~5.1.2",
        "is-binary-path": "~2.1.0",
        "is-glob": "~4.0.1",
        "normalize-path": "~3.0.0",
        "readdirp": "~3.6.0"
      }
    },
    "colorette": {
      "version": "1.2.2",
      "resolved": "https://registry.npm.taobao.org/colorette/download/colorette-1.2.2.tgz?cache=0&sync_timestamp=1614259623635&other_urls=https%3A%2F%2Fregistry.npm.taobao.org%2Fcolorette%2Fdownload%2Fcolorette-1.2.2.tgz",
      "integrity": "sha1-y8x51emcrqLb8Q6zom/Ys+as+pQ=",
      "dev": true
    },
    "consolidate": {
      "version": "0.16.0",
      "resolved": "https://registry.npm.taobao.org/consolidate/download/consolidate-0.16.0.tgz",
      "integrity": "sha1-oRhkdokw8vGUMWYKZZBmaPX73BY=",
      "dev": true,
      "requires": {
        "bluebird": "^3.7.2"
      }
    },
    "cssesc": {
      "version": "3.0.0",
      "resolved": "https://registry.npm.taobao.org/cssesc/download/cssesc-3.0.0.tgz",
      "integrity": "sha1-N3QZGZA7hoVl4cCep0dEXNGJg+4=",
      "dev": true
    },
    "csstype": {
      "version": "2.6.17",
      "resolved": "https://registry.nlark.com/csstype/download/csstype-2.6.17.tgz?cache=0&sync_timestamp=1618818778879&other_urls=https%3A%2F%2Fregistry.nlark.com%2Fcsstype%2Fdownload%2Fcsstype-2.6.17.tgz",
      "integrity": "sha1-TPMOuH4dGgBdi2UQ+VKSQT9qHA4="
    },
    "dayjs": {
      "version": "1.10.6",
      "resolved": "https://registry.nlark.com/dayjs/download/dayjs-1.10.6.tgz?cache=0&sync_timestamp=1625557417200&other_urls=https%3A%2F%2Fregistry.nlark.com%2Fdayjs%2Fdownload%2Fdayjs-1.10.6.tgz",
      "integrity": "sha1-KIsqqC8thBimydTfWJjAc3rQKmM="
    },
    "echarts": {
      "version": "5.1.2",
      "resolved": "https://registry.nlark.com/echarts/download/echarts-5.1.2.tgz",
      "integrity": "sha1-qhqwzvW3T6L3xiAmGl8oaJPTD9E=",
      "requires": {
        "tslib": "2.0.3",
        "zrender": "5.1.1"
      }
    },
    "element-plus": {
      "version": "1.0.2-beta.70",
      "resolved": "https://registry.nlark.com/element-plus/download/element-plus-1.0.2-beta.70.tgz",
      "integrity": "sha1-EwWPTnjF5zsZqRVATXEHahOiYW4=",
      "requires": {
        "@element-plus/icons": "^0.0.11",
        "@popperjs/core": "^2.4.4",
        "async-validator": "^3.4.0",
        "dayjs": "1.x",
        "lodash": "^4.17.20",
        "mitt": "^2.1.0",
        "normalize-wheel": "^1.0.1",
        "resize-observer-polyfill": "^1.5.1"
      }
    },
    "emojis-list": {
      "version": "3.0.0",
      "resolved": "https://registry.npm.taobao.org/emojis-list/download/emojis-list-3.0.0.tgz",
      "integrity": "sha1-VXBmIEatKeLpFucariYKvf9Pang=",
      "dev": true
    },
    "esbuild": {
      "version": "0.12.18",
      "resolved": "https://registry.nlark.com/esbuild/download/esbuild-0.12.18.tgz?cache=0&sync_timestamp=1628141163952&other_urls=https%3A%2F%2Fregistry.nlark.com%2Fesbuild%2Fdownload%2Fesbuild-0.12.18.tgz",
      "integrity": "sha1-5dsWNyGIwrTTlff1X9reJ/ahGfo=",
      "dev": true
    },
    "estree-walker": {
      "version": "2.0.2",
      "resolved": "https://registry.npm.taobao.org/estree-walker/download/estree-walker-2.0.2.tgz",
      "integrity": "sha1-UvAQF4wqTBF6d1fP6UKtt9LaTKw="
    },
    "fill-range": {
      "version": "7.0.1",
      "resolved": "https://registry.npm.taobao.org/fill-range/download/fill-range-7.0.1.tgz",
      "integrity": "sha1-GRmmp8df44ssfHflGYU12prN2kA=",
      "dev": true,
      "requires": {
        "to-regex-range": "^5.0.1"
      }
    },
    "follow-redirects": {
      "version": "1.14.1",
      "resolved": "https://registry.nlark.com/follow-redirects/download/follow-redirects-1.14.1.tgz?cache=0&sync_timestamp=1620555246888&other_urls=https%3A%2F%2Fregistry.nlark.com%2Ffollow-redirects%2Fdownload%2Ffollow-redirects-1.14.1.tgz",
      "integrity": "sha1-2RFN7Qoc/dM04WTmZirQK/2R/0M="
    },
    "fsevents": {
      "version": "2.3.2",
      "resolved": "https://registry.npm.taobao.org/fsevents/download/fsevents-2.3.2.tgz?cache=0&sync_timestamp=1612536422255&other_urls=https%3A%2F%2Fregistry.npm.taobao.org%2Ffsevents%2Fdownload%2Ffsevents-2.3.2.tgz",
      "integrity": "sha1-ilJveLj99GI7cJ4Ll1xSwkwC/Ro=",
      "dev": true,
      "optional": true
    },
    "function-bind": {
      "version": "1.1.1",
      "resolved": "https://registry.npm.taobao.org/function-bind/download/function-bind-1.1.1.tgz",
      "integrity": "sha1-pWiZ0+o8m6uHS7l3O3xe3pL0iV0=",
      "dev": true
    },
    "generic-names": {
      "version": "2.0.1",
      "resolved": "https://registry.npm.taobao.org/generic-names/download/generic-names-2.0.1.tgz",
      "integrity": "sha1-+KN46tLMqno08DF7BVVIMq5BuHI=",
      "dev": true,
      "requires": {
        "loader-utils": "^1.1.0"
      }
    },
    "glob-parent": {
      "version": "5.1.2",
      "resolved": "https://registry.nlark.com/glob-parent/download/glob-parent-5.1.2.tgz?cache=0&sync_timestamp=1626760235241&other_urls=https%3A%2F%2Fregistry.nlark.com%2Fglob-parent%2Fdownload%2Fglob-parent-5.1.2.tgz",
      "integrity": "sha1-hpgyxYA0/mikCTwX3BXoNA2EAcQ=",
      "dev": true,
      "requires": {
        "is-glob": "^4.0.1"
      }
    },
    "has": {
      "version": "1.0.3",
      "resolved": "https://registry.npm.taobao.org/has/download/has-1.0.3.tgz",
      "integrity": "sha1-ci18v8H2qoJB8W3YFOAR4fQeh5Y=",
      "dev": true,
      "requires": {
        "function-bind": "^1.1.1"
      }
    },
    "hash-sum": {
      "version": "2.0.0",
      "resolved": "https://registry.npm.taobao.org/hash-sum/download/hash-sum-2.0.0.tgz",
      "integrity": "sha1-gdAbtd6OpKIUrV1urRtSNGCwtFo=",
      "dev": true
    },
    "highlight.js": {
      "version": "11.2.0",
      "resolved": "https://registry.nlark.com/highlight.js/download/highlight.js-11.2.0.tgz",
      "integrity": "sha1-p+O4wf3E8FOLk7LcLd1TpAxqsPA="
    },
    "icss-replace-symbols": {
      "version": "1.1.0",
      "resolved": "https://registry.npm.taobao.org/icss-replace-symbols/download/icss-replace-symbols-1.1.0.tgz",
      "integrity": "sha1-Bupvg2ead0njhs/h/oEq5dsiPe0=",
      "dev": true
    },
    "icss-utils": {
      "version": "5.1.0",
      "resolved": "https://registry.npm.taobao.org/icss-utils/download/icss-utils-5.1.0.tgz?cache=0&sync_timestamp=1605801266348&other_urls=https%3A%2F%2Fregistry.npm.taobao.org%2Ficss-utils%2Fdownload%2Ficss-utils-5.1.0.tgz",
      "integrity": "sha1-xr5oWKvQE9do6YNmrkfiXViHsa4=",
      "dev": true
    },
    "is-binary-path": {
      "version": "2.1.0",
      "resolved": "https://registry.npm.taobao.org/is-binary-path/download/is-binary-path-2.1.0.tgz",
      "integrity": "sha1-6h9/O4DwZCNug0cPhsCcJU+0Wwk=",
      "dev": true,
      "requires": {
        "binary-extensions": "^2.0.0"
      }
    },
    "is-core-module": {
      "version": "2.5.0",
      "resolved": "https://registry.nlark.com/is-core-module/download/is-core-module-2.5.0.tgz",
      "integrity": "sha1-91SENhfHC/0pt72HMnQAzaXBhJE=",
      "dev": true,
      "requires": {
        "has": "^1.0.3"
      }
    },
    "is-extglob": {
      "version": "2.1.1",
      "resolved": "https://registry.npm.taobao.org/is-extglob/download/is-extglob-2.1.1.tgz",
      "integrity": "sha1-qIwCU1eR8C7TfHahueqXc8gz+MI=",
      "dev": true
    },
    "is-glob": {
      "version": "4.0.1",
      "resolved": "https://registry.npm.taobao.org/is-glob/download/is-glob-4.0.1.tgz",
      "integrity": "sha1-dWfb6fL14kZ7x3q4PEopSCQHpdw=",
      "dev": true,
      "requires": {
        "is-extglob": "^2.1.1"
      }
    },
    "is-number": {
      "version": "7.0.0",
      "resolved": "https://registry.npm.taobao.org/is-number/download/is-number-7.0.0.tgz",
      "integrity": "sha1-dTU0W4lnNNX4DE0GxQlVUnoU8Ss=",
      "dev": true
    },
    "js-cookie": {
      "version": "3.0.0",
      "resolved": "https://registry.nlark.com/js-cookie/download/js-cookie-3.0.0.tgz",
      "integrity": "sha1-2xZh1UWZIOyVqvGGzPdM60pJUWQ="
    },
    "json5": {
      "version": "1.0.1",
      "resolved": "https://registry.npm.taobao.org/json5/download/json5-1.0.1.tgz",
      "integrity": "sha1-d5+wAYYE+oVOrL9iUhgNg1Q+Pb4=",
      "dev": true,
      "requires": {
        "minimist": "^1.2.0"
      }
    },
    "loader-utils": {
      "version": "1.4.0",
      "resolved": "https://registry.npm.taobao.org/loader-utils/download/loader-utils-1.4.0.tgz",
      "integrity": "sha1-xXm140yzSxp07cbB+za/o3HVphM=",
      "dev": true,
      "requires": {
        "big.js": "^5.2.2",
        "emojis-list": "^3.0.0",
        "json5": "^1.0.1"
      }
    },
    "lodash": {
      "version": "4.17.21",
      "resolved": "https://registry.npm.taobao.org/lodash/download/lodash-4.17.21.tgz",
      "integrity": "sha1-Z5WRxWTDv/quhFTPCz3zcMPWkRw="
    },
    "lodash.camelcase": {
      "version": "4.3.0",
      "resolved": "https://registry.npm.taobao.org/lodash.camelcase/download/lodash.camelcase-4.3.0.tgz",
      "integrity": "sha1-soqmKIorn8ZRA1x3EfZathkDMaY=",
      "dev": true
    },
    "lru-cache": {
      "version": "5.1.1",
      "resolved": "https://registry.npm.taobao.org/lru-cache/download/lru-cache-5.1.1.tgz",
      "integrity": "sha1-HaJ+ZxAnGUdpXa9oSOhH8B2EuSA=",
      "dev": true,
      "requires": {
        "yallist": "^3.0.2"
      }
    },
    "magic-string": {
      "version": "0.25.7",
      "resolved": "https://registry.npm.taobao.org/magic-string/download/magic-string-0.25.7.tgz",
      "integrity": "sha1-P0l9b9NMZpxnmNy4IfLvMfVEUFE=",
      "dev": true,
      "requires": {
        "sourcemap-codec": "^1.4.4"
      }
    },
    "marked": {
      "version": "2.1.3",
      "resolved": "https://registry.nlark.com/marked/download/marked-2.1.3.tgz",
      "integrity": "sha1-vQF872Qxck/Usn4GV/XOsUv/N1M="
    },
    "merge-source-map": {
      "version": "1.1.0",
      "resolved": "https://registry.npm.taobao.org/merge-source-map/download/merge-source-map-1.1.0.tgz",
      "integrity": "sha1-L93n5gIJOfcJBqaPLXrmheTIxkY=",
      "dev": true,
      "requires": {
        "source-map": "^0.6.1"
      }
    },
    "minimist": {
      "version": "1.2.5",
      "resolved": "https://registry.npm.taobao.org/minimist/download/minimist-1.2.5.tgz?cache=0&sync_timestamp=1602337228360&other_urls=https%3A%2F%2Fregistry.npm.taobao.org%2Fminimist%2Fdownload%2Fminimist-1.2.5.tgz",
      "integrity": "sha1-Z9ZgFLZqaoqqDAg8X9WN9OTpdgI=",
      "dev": true
    },
    "mitt": {
      "version": "2.1.0",
      "resolved": "https://registry.nlark.com/mitt/download/mitt-2.1.0.tgz",
      "integrity": "sha1-90BXfCMXbGIFsSGylzUU6t4bIjA="
    },
    "moment": {
      "version": "2.29.1",
      "resolved": "https://registry.npm.taobao.org/moment/download/moment-2.29.1.tgz",
      "integrity": "sha1-sr52n6MZQL6e7qZGnAdeNQBvo9M="
    },
    "nanoid": {
      "version": "3.1.23",
      "resolved": "https://registry.nlark.com/nanoid/download/nanoid-3.1.23.tgz",
      "integrity": "sha1-90QIbOfCvEfuCoRyV01ceOQYOoE=",
      "dev": true
    },
    "normalize-path": {
      "version": "3.0.0",
      "resolved": "https://registry.npm.taobao.org/normalize-path/download/normalize-path-3.0.0.tgz",
      "integrity": "sha1-Dc1p/yOhybEf0JeDFmRKA4ghamU=",
      "dev": true
    },
    "normalize-wheel": {
      "version": "1.0.1",
      "resolved": "https://registry.npm.taobao.org/normalize-wheel/download/normalize-wheel-1.0.1.tgz",
      "integrity": "sha1-rsiGr/2wRQcNhWRH32Ls+GFG7EU="
    },
    "normalize.css": {
      "version": "8.0.1",
      "resolved": "https://registry.npm.taobao.org/normalize.css/download/normalize.css-8.0.1.tgz",
      "integrity": "sha1-m5iiCHOLnMJjTKrLxC0THJdIe/M="
    },
    "nprogress": {
      "version": "0.2.0",
      "resolved": "https://registry.npm.taobao.org/nprogress/download/nprogress-0.2.0.tgz",
      "integrity": "sha1-y480xTIT2JVyP8urkH6UIq28r7E="
    },
    "path-parse": {
      "version": "1.0.7",
      "resolved": "https://registry.nlark.com/path-parse/download/path-parse-1.0.7.tgz",
      "integrity": "sha1-+8EUtgykKzDZ2vWFjkvWi77bZzU=",
      "dev": true
    },
    "path-to-regexp": {
      "version": "6.2.0",
      "resolved": "https://registry.npm.taobao.org/path-to-regexp/download/path-to-regexp-6.2.0.tgz",
      "integrity": "sha1-97OAMzYQTDRoia3s5hRmkjBkXzg="
    },
    "picomatch": {
      "version": "2.3.0",
      "resolved": "https://registry.nlark.com/picomatch/download/picomatch-2.3.0.tgz",
      "integrity": "sha1-8fBh3o9qS/AiiS4tEoI0+5gwKXI=",
      "dev": true
    },
    "postcss": {
      "version": "8.3.6",
      "resolved": "https://registry.nlark.com/postcss/download/postcss-8.3.6.tgz?cache=0&sync_timestamp=1626882928473&other_urls=https%3A%2F%2Fregistry.nlark.com%2Fpostcss%2Fdownload%2Fpostcss-8.3.6.tgz",
      "integrity": "sha1-JzDddql5afN/U7mmCWGXvjEcxOo=",
      "dev": true,
      "requires": {
        "colorette": "^1.2.2",
        "nanoid": "^3.1.23",
        "source-map-js": "^0.6.2"
      }
    },
    "postcss-modules": {
      "version": "4.2.2",
      "resolved": "https://registry.nlark.com/postcss-modules/download/postcss-modules-4.2.2.tgz?cache=0&sync_timestamp=1627039417896&other_urls=https%3A%2F%2Fregistry.nlark.com%2Fpostcss-modules%2Fdownload%2Fpostcss-modules-4.2.2.tgz",
      "integrity": "sha1-Xnd3xaiWTqF2kZ2QsuVO+JEyHOU=",
      "dev": true,
      "requires": {
        "generic-names": "^2.0.1",
        "icss-replace-symbols": "^1.1.0",
        "lodash.camelcase": "^4.3.0",
        "postcss-modules-extract-imports": "^3.0.0",
        "postcss-modules-local-by-default": "^4.0.0",
        "postcss-modules-scope": "^3.0.0",
        "postcss-modules-values": "^4.0.0",
        "string-hash": "^1.1.1"
      }
    },
    "postcss-modules-extract-imports": {
      "version": "3.0.0",
      "resolved": "https://registry.npm.taobao.org/postcss-modules-extract-imports/download/postcss-modules-extract-imports-3.0.0.tgz?cache=0&sync_timestamp=1602588260997&other_urls=https%3A%2F%2Fregistry.npm.taobao.org%2Fpostcss-modules-extract-imports%2Fdownload%2Fpostcss-modules-extract-imports-3.0.0.tgz",
      "integrity": "sha1-zaHwR8CugMl9vijD52pDuIAldB0=",
      "dev": true
    },
    "postcss-modules-local-by-default": {
      "version": "4.0.0",
      "resolved": "https://registry.npm.taobao.org/postcss-modules-local-by-default/download/postcss-modules-local-by-default-4.0.0.tgz?cache=0&sync_timestamp=1602587625149&other_urls=https%3A%2F%2Fregistry.npm.taobao.org%2Fpostcss-modules-local-by-default%2Fdownload%2Fpostcss-modules-local-by-default-4.0.0.tgz",
      "integrity": "sha1-67tU+uFZjuz99pGgKz/zs5ClpRw=",
      "dev": true,
      "requires": {
        "icss-utils": "^5.0.0",
        "postcss-selector-parser": "^6.0.2",
        "postcss-value-parser": "^4.1.0"
      }
    },
    "postcss-modules-scope": {
      "version": "3.0.0",
      "resolved": "https://registry.npm.taobao.org/postcss-modules-scope/download/postcss-modules-scope-3.0.0.tgz",
      "integrity": "sha1-nvMVFFbTu/oSDKRImN/Kby+gHwY=",
      "dev": true,
      "requires": {
        "postcss-selector-parser": "^6.0.4"
      }
    },
    "postcss-modules-values": {
      "version": "4.0.0",
      "resolved": "https://registry.npm.taobao.org/postcss-modules-values/download/postcss-modules-values-4.0.0.tgz",
      "integrity": "sha1-18Xn5ow7s8myfL9Iyguz/7RgLJw=",
      "dev": true,
      "requires": {
        "icss-utils": "^5.0.0"
      }
    },
    "postcss-selector-parser": {
      "version": "6.0.6",
      "resolved": "https://registry.nlark.com/postcss-selector-parser/download/postcss-selector-parser-6.0.6.tgz",
      "integrity": "sha1-LFu6gXSsL2mBq2MaQqsO5UrzMuo=",
      "dev": true,
      "requires": {
        "cssesc": "^3.0.0",
        "util-deprecate": "^1.0.2"
      }
    },
    "postcss-value-parser": {
      "version": "4.1.0",
      "resolved": "https://registry.npm.taobao.org/postcss-value-parser/download/postcss-value-parser-4.1.0.tgz",
      "integrity": "sha1-RD9qIM7WSBor2k+oUypuVdeJoss=",
      "dev": true
    },
    "readdirp": {
      "version": "3.6.0",
      "resolved": "https://registry.npm.taobao.org/readdirp/download/readdirp-3.6.0.tgz?cache=0&sync_timestamp=1615717369278&other_urls=https%3A%2F%2Fregistry.npm.taobao.org%2Freaddirp%2Fdownload%2Freaddirp-3.6.0.tgz",
      "integrity": "sha1-dKNwvYVxFuJFspzJc0DNQxoCpsc=",
      "dev": true,
      "requires": {
        "picomatch": "^2.2.1"
      }
    },
    "resize-observer-polyfill": {
      "version": "1.5.1",
      "resolved": "https://registry.npm.taobao.org/resize-observer-polyfill/download/resize-observer-polyfill-1.5.1.tgz",
      "integrity": "sha1-DpAg3T0hAkRY1OvSfiPkAmmBBGQ="
    },
    "resolve": {
      "version": "1.20.0",
      "resolved": "https://registry.npm.taobao.org/resolve/download/resolve-1.20.0.tgz?cache=0&sync_timestamp=1613055183799&other_urls=https%3A%2F%2Fregistry.npm.taobao.org%2Fresolve%2Fdownload%2Fresolve-1.20.0.tgz",
      "integrity": "sha1-YpoBP7P3B1XW8LeTXMHCxTeLGXU=",
      "dev": true,
      "requires": {
        "is-core-module": "^2.2.0",
        "path-parse": "^1.0.6"
      }
    },
    "rollup": {
      "version": "2.56.0",
      "resolved": "https://registry.nlark.com/rollup/download/rollup-2.56.0.tgz?cache=0&sync_timestamp=1628141072350&other_urls=https%3A%2F%2Fregistry.nlark.com%2Frollup%2Fdownload%2Frollup-2.56.0.tgz",
      "integrity": "sha1-2qgylV0rWPHtUqPEyFt9GtrwdtA=",
      "dev": true,
      "requires": {
        "fsevents": "~2.3.2"
      }
    },
    "sass": {
      "version": "1.37.5",
      "resolved": "https://registry.nlark.com/sass/download/sass-1.37.5.tgz?cache=0&sync_timestamp=1628041554436&other_urls=https%3A%2F%2Fregistry.nlark.com%2Fsass%2Fdownload%2Fsass-1.37.5.tgz",
      "integrity": "sha1-9oODUffMgUxPz+HZog4Mq70eezw=",
      "dev": true,
      "requires": {
        "chokidar": ">=3.0.0 <4.0.0"
      }
    },
    "source-map": {
      "version": "0.6.1",
      "resolved": "https://registry.npm.taobao.org/source-map/download/source-map-0.6.1.tgz",
      "integrity": "sha1-dHIq8y6WFOnCh6jQu95IteLxomM="
    },
    "source-map-js": {
      "version": "0.6.2",
      "resolved": "https://registry.npm.taobao.org/source-map-js/download/source-map-js-0.6.2.tgz",
      "integrity": "sha1-C7XeYxtBz72mz7qL0FqA79/SOF4=",
      "dev": true
    },
    "sourcemap-codec": {
      "version": "1.4.8",
      "resolved": "https://registry.npm.taobao.org/sourcemap-codec/download/sourcemap-codec-1.4.8.tgz",
      "integrity": "sha1-6oBL2UhXQC5pktBaOO8a41qatMQ=",
      "dev": true
    },
    "string-hash": {
      "version": "1.1.3",
      "resolved": "https://registry.npm.taobao.org/string-hash/download/string-hash-1.1.3.tgz",
      "integrity": "sha1-6Kr8CsGFW0Zmkp7X3RJ1311sgRs=",
      "dev": true
    },
    "to-fast-properties": {
      "version": "2.0.0",
      "resolved": "https://registry.npm.taobao.org/to-fast-properties/download/to-fast-properties-2.0.0.tgz",
      "integrity": "sha1-3F5pjL0HkmW8c+A3doGk5Og/YW4="
    },
    "to-regex-range": {
      "version": "5.0.1",
      "resolved": "https://registry.npm.taobao.org/to-regex-range/download/to-regex-range-5.0.1.tgz",
      "integrity": "sha1-FkjESq58jZiKMmAY7XL1tN0DkuQ=",
      "dev": true,
      "requires": {
        "is-number": "^7.0.0"
      }
    },
    "tslib": {
      "version": "2.0.3",
      "resolved": "https://registry.nlark.com/tslib/download/tslib-2.0.3.tgz?cache=0&other_urls=https%3A%2F%2Fregistry.nlark.com%2Ftslib%2Fdownload%2Ftslib-2.0.3.tgz",
      "integrity": "sha1-jgdBrEX8DCJuWKF7/D5kubxsphw="
    },
    "util-deprecate": {
      "version": "1.0.2",
      "resolved": "https://registry.npm.taobao.org/util-deprecate/download/util-deprecate-1.0.2.tgz?cache=0&other_urls=https%3A%2F%2Fregistry.npm.taobao.org%2Futil-deprecate%2Fdownload%2Futil-deprecate-1.0.2.tgz",
      "integrity": "sha1-RQ1Nyfpw3nMnYvvS1KKJgUGaDM8=",
      "dev": true
    },
    "vite": {
      "version": "2.4.4",
      "resolved": "https://registry.nlark.com/vite/download/vite-2.4.4.tgz",
      "integrity": "sha1-jEAqB61F8Wj261Qovq048+Q2Pkc=",
      "dev": true,
      "requires": {
        "esbuild": "^0.12.8",
        "fsevents": "~2.3.2",
        "postcss": "^8.3.6",
        "resolve": "^1.20.0",
        "rollup": "^2.38.5"
      }
    },
    "vue": {
      "version": "3.1.5",
      "resolved": "https://registry.nlark.com/vue/download/vue-3.1.5.tgz",
      "integrity": "sha1-EoebEdBoXuRHjIhpVReZYwpS+f4=",
      "requires": {
        "@vue/compiler-dom": "3.1.5",
        "@vue/runtime-dom": "3.1.5",
        "@vue/shared": "3.1.5"
      }
    },
    "vue-router": {
      "version": "4.0.10",
      "resolved": "https://registry.nlark.com/vue-router/download/vue-router-4.0.10.tgz?cache=0&other_urls=https%3A%2F%2Fregistry.nlark.com%2Fvue-router%2Fdownload%2Fvue-router-4.0.10.tgz",
      "integrity": "sha1-7I/aAylJsqMdMnMXD483bobrUqw=",
      "requires": {
        "@vue/devtools-api": "^6.0.0-beta.14"
      }
    },
    "vuex": {
      "version": "4.0.2",
      "resolved": "https://registry.nlark.com/vuex/download/vuex-4.0.2.tgz",
      "integrity": "sha1-+Jbb1b8qDpY/AMZ+m2EN50nMrMk=",
      "requires": {
        "@vue/devtools-api": "^6.0.0-beta.11"
      }
    },
    "yallist": {
      "version": "3.1.1",
      "resolved": "https://registry.npm.taobao.org/yallist/download/yallist-3.1.1.tgz",
      "integrity": "sha1-27fa+b/YusmrRev2ArjLrQ1dCP0=",
      "dev": true
    },
    "zrender": {
      "version": "5.1.1",
      "resolved": "https://registry.nlark.com/zrender/download/zrender-5.1.1.tgz",
      "integrity": "sha1-BRX0+MwPR0LwKmuIGVUKbRPWTFw=",
      "requires": {
        "tslib": "2.0.3"
      }
    }
  }
}
